// !$*UTF8*$!
{
	archiveVersion = 1;
	classes = {
	};
	objectVersion = 48;
	objects = {

/* Begin PBXBuildFile section */
		2048AF001FE9136000048711 /* AppDelegate.m in Sources */ = {isa = PBXBuildFile; fileRef = 2048AEFF1FE9136000048711 /* AppDelegate.m */; };
		2048AF031FE9136000048711 /* ViewController.m in Sources */ = {isa = PBXBuildFile; fileRef = 2048AF021FE9136000048711 /* ViewController.m */; };
		2048AF061FE9136000048711 /* Main.storyboard in Resources */ = {isa = PBXBuildFile; fileRef = 2048AF041FE9136000048711 /* Main.storyboard */; };
		2048AF081FE9136000048711 /* Assets.xcassets in Resources */ = {isa = PBXBuildFile; fileRef = 2048AF071FE9136000048711 /* Assets.xcassets */; };
		2048AF0B1FE9136000048711 /* LaunchScreen.storyboard in Resources */ = {isa = PBXBuildFile; fileRef = 2048AF091FE9136000048711 /* LaunchScreen.storyboard */; };
		2048AF0E1FE9136000048711 /* main.m in Sources */ = {isa = PBXBuildFile; fileRef = 2048AF0D1FE9136000048711 /* main.m */; };
		2048AF181FE9136100048711 /* ATStaticTableView_demoTests.m in Sources */ = {isa = PBXBuildFile; fileRef = 2048AF171FE9136100048711 /* ATStaticTableView_demoTests.m */; };
		2048AF231FE9136100048711 /* ATStaticTableView_demoUITests.m in Sources */ = {isa = PBXBuildFile; fileRef = 2048AF221FE9136100048711 /* ATStaticTableView_demoUITests.m */; };
		2048AF511FE913B900048711 /* ATStaticTableViewCellData.m in Sources */ = {isa = PBXBuildFile; fileRef = 2048AF4B1FE913B800048711 /* ATStaticTableViewCellData.m */; };
		2048AF521FE913B900048711 /* ATStaticTableViewCell.m in Sources */ = {isa = PBXBuildFile; fileRef = 2048AF4C1FE913B800048711 /* ATStaticTableViewCell.m */; };
		2048AF531FE913B900048711 /* ATStaticTableViewCell+Switch.m in Sources */ = {isa = PBXBuildFile; fileRef = 2048AF4D1FE913B800048711 /* ATStaticTableViewCell+Switch.m */; };
		2048AF541FE913B900048711 /* ATStaticTableViewCell+TextField.m in Sources */ = {isa = PBXBuildFile; fileRef = 2048AF4E1FE913B800048711 /* ATStaticTableViewCell+TextField.m */; };
		2048AF551FE913B900048711 /* ATStaticTableViewCellDataSource.m in Sources */ = {isa = PBXBuildFile; fileRef = 2048AF4F1FE913B900048711 /* ATStaticTableViewCellDataSource.m */; };
		2048AF561FE913B900048711 /* UITableView+ATStaticCell.m in Sources */ = {isa = PBXBuildFile; fileRef = 2048AF501FE913B900048711 /* UITableView+ATStaticCell.m */; };
		20F8A9B81FEA40E800620DF2 /* TableViewController.m in Sources */ = {isa = PBXBuildFile; fileRef = 20F8A9B61FEA40E800620DF2 /* TableViewController.m */; };
		20F8A9B91FEA40E800620DF2 /* TableViewController.xib in Resources */ = {isa = PBXBuildFile; fileRef = 20F8A9B71FEA40E800620DF2 /* TableViewController.xib */; };
/* End PBXBuildFile section */

/* Begin PBXContainerItemProxy section */
		2048AF141FE9136100048711 /* PBXContainerItemProxy */ = {
			isa = PBXContainerItemProxy;
			containerPortal = 2048AEF31FE9136000048711 /* Project object */;
			proxyType = 1;
			remoteGlobalIDString = 2048AEFA1FE9136000048711;
			remoteInfo = ATStaticTableView_demo;
		};
		2048AF1F1FE9136100048711 /* PBXContainerItemProxy */ = {
			isa = PBXContainerItemProxy;
			containerPortal = 2048AEF31FE9136000048711 /* Project object */;
			proxyType = 1;
			remoteGlobalIDString = 2048AEFA1FE9136000048711;
			remoteInfo = ATStaticTableView_demo;
		};
/* End PBXContainerItemProxy section */

/* Begin PBXFileReference section */
		2048AEFB1FE9136000048711 /* ATStaticTableView_demo.app */ = {isa = PBXFileReference; explicitFileType = wrapper.application; includeInIndex = 0; path = ATStaticTableView_demo.app; sourceTree = BUILT_PRODUCTS_DIR; };
		2048AEFE1FE9136000048711 /* AppDelegate.h */ = {isa = PBXFileReference; lastKnownFileType = sourcecode.c.h; path = AppDelegate.h; sourceTree = "<group>"; };
		2048AEFF1FE9136000048711 /* AppDelegate.m */ = {isa = PBXFileReference; lastKnownFileType = sourcecode.c.objc; path = AppDelegate.m; sourceTree = "<group>"; };
		2048AF011FE9136000048711 /* ViewController.h */ = {isa = PBXFileReference; lastKnownFileType = sourcecode.c.h; path = ViewController.h; sourceTree = "<group>"; };
		2048AF021FE9136000048711 /* ViewController.m */ = {isa = PBXFileReference; lastKnownFileType = sourcecode.c.objc; path = ViewController.m; sourceTree = "<group>"; };
		2048AF051FE9136000048711 /* Base */ = {isa = PBXFileReference; lastKnownFileType = file.storyboard; name = Base; path = Base.lproj/Main.storyboard; sourceTree = "<group>"; };
		2048AF071FE9136000048711 /* Assets.xcassets */ = {isa = PBXFileReference; lastKnownFileType = folder.assetcatalog; path = Assets.xcassets; sourceTree = "<group>"; };
		2048AF0A1FE9136000048711 /* Base */ = {isa = PBXFileReference; lastKnownFileType = file.storyboard; name = Base; path = Base.lproj/LaunchScreen.storyboard; sourceTree = "<group>"; };
		2048AF0C1FE9136000048711 /* Info.plist */ = {isa = PBXFileReference; lastKnownFileType = text.plist.xml; path = Info.plist; sourceTree = "<group>"; };
		2048AF0D1FE9136000048711 /* main.m */ = {isa = PBXFileReference; lastKnownFileType = sourcecode.c.objc; path = main.m; sourceTree = "<group>"; };
		2048AF131FE9136100048711 /* ATStaticTableView_demoTests.xctest */ = {isa = PBXFileReference; explicitFileType = wrapper.cfbundle; includeInIndex = 0; path = ATStaticTableView_demoTests.xctest; sourceTree = BUILT_PRODUCTS_DIR; };
		2048AF171FE9136100048711 /* ATStaticTableView_demoTests.m */ = {isa = PBXFileReference; lastKnownFileType = sourcecode.c.objc; path = ATStaticTableView_demoTests.m; sourceTree = "<group>"; };
		2048AF191FE9136100048711 /* Info.plist */ = {isa = PBXFileReference; lastKnownFileType = text.plist.xml; path = Info.plist; sourceTree = "<group>"; };
		2048AF1E1FE9136100048711 /* ATStaticTableView_demoUITests.xctest */ = {isa = PBXFileReference; explicitFileType = wrapper.cfbundle; includeInIndex = 0; path = ATStaticTableView_demoUITests.xctest; sourceTree = BUILT_PRODUCTS_DIR; };
		2048AF221FE9136100048711 /* ATStaticTableView_demoUITests.m */ = {isa = PBXFileReference; lastKnownFileType = sourcecode.c.objc; path = ATStaticTableView_demoUITests.m; sourceTree = "<group>"; };
		2048AF241FE9136100048711 /* Info.plist */ = {isa = PBXFileReference; lastKnownFileType = text.plist.xml; path = Info.plist; sourceTree = "<group>"; };
		2048AF441FE913B800048711 /* ATStaticTableViewCellData.h */ = {isa = PBXFileReference; fileEncoding = 4; lastKnownFileType = sourcecode.c.h; path = ATStaticTableViewCellData.h; sourceTree = "<group>"; };
		2048AF451FE913B800048711 /* ATStaticTableViewCell+Switch.h */ = {isa = PBXFileReference; fileEncoding = 4; lastKnownFileType = sourcecode.c.h; path = "ATStaticTableViewCell+Switch.h"; sourceTree = "<group>"; };
		2048AF461FE913B800048711 /* ATStaticTableViewCell.h */ = {isa = PBXFileReference; fileEncoding = 4; lastKnownFileType = sourcecode.c.h; path = ATStaticTableViewCell.h; sourceTree = "<group>"; };
		2048AF471FE913B800048711 /* UITableView+ATStaticCell.h */ = {isa = PBXFileReference; fileEncoding = 4; lastKnownFileType = sourcecode.c.h; path = "UITableView+ATStaticCell.h"; sourceTree = "<group>"; };
		2048AF481FE913B800048711 /* ATStaticTableViewHeader.h */ = {isa = PBXFileReference; fileEncoding = 4; lastKnownFileType = sourcecode.c.h; path = ATStaticTableViewHeader.h; sourceTree = "<group>"; };
		2048AF491FE913B800048711 /* ATStaticTableViewCellDataSource.h */ = {isa = PBXFileReference; fileEncoding = 4; lastKnownFileType = sourcecode.c.h; path = ATStaticTableViewCellDataSource.h; sourceTree = "<group>"; };
		2048AF4A1FE913B800048711 /* ATStaticTableViewCell+TextField.h */ = {isa = PBXFileReference; fileEncoding = 4; lastKnownFileType = sourcecode.c.h; path = "ATStaticTableViewCell+TextField.h"; sourceTree = "<group>"; };
		2048AF4B1FE913B800048711 /* ATStaticTableViewCellData.m */ = {isa = PBXFileReference; fileEncoding = 4; lastKnownFileType = sourcecode.c.objc; path = ATStaticTableViewCellData.m; sourceTree = "<group>"; };
		2048AF4C1FE913B800048711 /* ATStaticTableViewCell.m */ = {isa = PBXFileReference; fileEncoding = 4; lastKnownFileType = sourcecode.c.objc; path = ATStaticTableViewCell.m; sourceTree = "<group>"; };
		2048AF4D1FE913B800048711 /* ATStaticTableViewCell+Switch.m */ = {isa = PBXFileReference; fileEncoding = 4; lastKnownFileType = sourcecode.c.objc; path = "ATStaticTableViewCell+Switch.m"; sourceTree = "<group>"; };
		2048AF4E1FE913B800048711 /* ATStaticTableViewCell+TextField.m */ = {isa = PBXFileReference; fileEncoding = 4; lastKnownFileType = sourcecode.c.objc; path = "ATStaticTableViewCell+TextField.m"; sourceTree = "<group>"; };
		2048AF4F1FE913B900048711 /* ATStaticTableViewCellDataSource.m */ = {isa = PBXFileReference; fileEncoding = 4; lastKnownFileType = sourcecode.c.objc; path = ATStaticTableViewCellDataSource.m; sourceTree = "<group>"; };
		2048AF501FE913B900048711 /* UITableView+ATStaticCell.m */ = {isa = PBXFileReference; fileEncoding = 4; lastKnownFileType = sourcecode.c.objc; path = "UITableView+ATStaticCell.m"; sourceTree = "<group>"; };
		20F8A9B51FEA40E800620DF2 /* TableViewController.h */ = {isa = PBXFileReference; lastKnownFileType = sourcecode.c.h; path = TableViewController.h; sourceTree = "<group>"; };
		20F8A9B61FEA40E800620DF2 /* TableViewController.m */ = {isa = PBXFileReference; lastKnownFileType = sourcecode.c.objc; path = TableViewController.m; sourceTree = "<group>"; };
		20F8A9B71FEA40E800620DF2 /* TableViewController.xib */ = {isa = PBXFileReference; lastKnownFileType = file.xib; path = TableViewController.xib; sourceTree = "<group>"; };
/* End PBXFileReference section */

/* Begin PBXFrameworksBuildPhase section */
		2048AEF81FE9136000048711 /* Frameworks */ = {
			isa = PBXFrameworksBuildPhase;
			buildActionMask = 2147483647;
			files = (
			);
			runOnlyForDeploymentPostprocessing = 0;
		};
		2048AF101FE9136100048711 /* Frameworks */ = {
			isa = PBXFrameworksBuildPhase;
			buildActionMask = 2147483647;
			files = (
			);
			runOnlyForDeploymentPostprocessing = 0;
		};
		2048AF1B1FE9136100048711 /* Frameworks */ = {
			isa = PBXFrameworksBuildPhase;
			buildActionMask = 2147483647;
			files = (
			);
			runOnlyForDeploymentPostprocessing = 0;
		};
/* End PBXFrameworksBuildPhase section */

/* Begin PBXGroup section */
		2048AEF21FE9136000048711 = {
			isa = PBXGroup;
			children = (
				2048AF431FE913B800048711 /* ATStaticTableView */,
				2048AEFD1FE9136000048711 /* ATStaticTableView_demo */,
				2048AF161FE9136100048711 /* ATStaticTableView_demoTests */,
				2048AF211FE9136100048711 /* ATStaticTableView_demoUITests */,
				2048AEFC1FE9136000048711 /* Products */,
			);
			sourceTree = "<group>";
		};
		2048AEFC1FE9136000048711 /* Products */ = {
			isa = PBXGroup;
			children = (
				2048AEFB1FE9136000048711 /* ATStaticTableView_demo.app */,
				2048AF131FE9136100048711 /* ATStaticTableView_demoTests.xctest */,
				2048AF1E1FE9136100048711 /* ATStaticTableView_demoUITests.xctest */,
			);
			name = Products;
			sourceTree = "<group>";
		};
		2048AEFD1FE9136000048711 /* ATStaticTableView_demo */ = {
			isa = PBXGroup;
			children = (
				2048AEFE1FE9136000048711 /* AppDelegate.h */,
				2048AEFF1FE9136000048711 /* AppDelegate.m */,
				2048AF011FE9136000048711 /* ViewController.h */,
				2048AF021FE9136000048711 /* ViewController.m */,
				20F8A9B51FEA40E800620DF2 /* TableViewController.h */,
				20F8A9B61FEA40E800620DF2 /* TableViewController.m */,
				20F8A9B71FEA40E800620DF2 /* TableViewController.xib */,
				2048AF041FE9136000048711 /* Main.storyboard */,
				2048AF071FE9136000048711 /* Assets.xcassets */,
				2048AF091FE9136000048711 /* LaunchScreen.storyboard */,
				2048AF0C1FE9136000048711 /* Info.plist */,
				2048AF0D1FE9136000048711 /* main.m */,
			);
			path = ATStaticTableView_demo;
			sourceTree = "<group>";
		};
		2048AF161FE9136100048711 /* ATStaticTableView_demoTests */ = {
			isa = PBXGroup;
			children = (
				2048AF171FE9136100048711 /* ATStaticTableView_demoTests.m */,
				2048AF191FE9136100048711 /* Info.plist */,
			);
			path = ATStaticTableView_demoTests;
			sourceTree = "<group>";
		};
		2048AF211FE9136100048711 /* ATStaticTableView_demoUITests */ = {
			isa = PBXGroup;
			children = (
				2048AF221FE9136100048711 /* ATStaticTableView_demoUITests.m */,
				2048AF241FE9136100048711 /* Info.plist */,
			);
			path = ATStaticTableView_demoUITests;
			sourceTree = "<group>";
		};
		2048AF431FE913B800048711 /* ATStaticTableView */ = {
			isa = PBXGroup;
			children = (
				2048AF481FE913B800048711 /* ATStaticTableViewHeader.h */,
				2048AF461FE913B800048711 /* ATStaticTableViewCell.h */,
				2048AF4C1FE913B800048711 /* ATStaticTableViewCell.m */,
				2048AF451FE913B800048711 /* ATStaticTableViewCell+Switch.h */,
				2048AF4D1FE913B800048711 /* ATStaticTableViewCell+Switch.m */,
				2048AF4A1FE913B800048711 /* ATStaticTableViewCell+TextField.h */,
				2048AF4E1FE913B800048711 /* ATStaticTableViewCell+TextField.m */,
				2048AF441FE913B800048711 /* ATStaticTableViewCellData.h */,
				2048AF4B1FE913B800048711 /* ATStaticTableViewCellData.m */,
				2048AF491FE913B800048711 /* ATStaticTableViewCellDataSource.h */,
				2048AF4F1FE913B900048711 /* ATStaticTableViewCellDataSource.m */,
				2048AF471FE913B800048711 /* UITableView+ATStaticCell.h */,
				2048AF501FE913B900048711 /* UITableView+ATStaticCell.m */,
			);
			path = ATStaticTableView;
			sourceTree = "<group>";
		};
/* End PBXGroup section */

/* Begin PBXNativeTarget section */
		2048AEFA1FE9136000048711 /* ATStaticTableView_demo */ = {
			isa = PBXNativeTarget;
			buildConfigurationList = 2048AF271FE9136100048711 /* Build configuration list for PBXNativeTarget "ATStaticTableView_demo" */;
			buildPhases = (
				2048AEF71FE9136000048711 /* Sources */,
				2048AEF81FE9136000048711 /* Frameworks */,
				2048AEF91FE9136000048711 /* Resources */,
			);
			buildRules = (
			);
			dependencies = (
			);
			name = ATStaticTableView_demo;
			productName = ATStaticTableView_demo;
			productReference = 2048AEFB1FE9136000048711 /* ATStaticTableView_demo.app */;
			productType = "com.apple.product-type.application";
		};
		2048AF121FE9136100048711 /* ATStaticTableView_demoTests */ = {
			isa = PBXNativeTarget;
			buildConfigurationList = 2048AF2A1FE9136100048711 /* Build configuration list for PBXNativeTarget "ATStaticTableView_demoTests" */;
			buildPhases = (
				2048AF0F1FE9136100048711 /* Sources */,
				2048AF101FE9136100048711 /* Frameworks */,
				2048AF111FE9136100048711 /* Resources */,
			);
			buildRules = (
			);
			dependencies = (
				2048AF151FE9136100048711 /* PBXTargetDependency */,
			);
			name = ATStaticTableView_demoTests;
			productName = ATStaticTableView_demoTests;
			productReference = 2048AF131FE9136100048711 /* ATStaticTableView_demoTests.xctest */;
			productType = "com.apple.product-type.bundle.unit-test";
		};
		2048AF1D1FE9136100048711 /* ATStaticTableView_demoUITests */ = {
			isa = PBXNativeTarget;
			buildConfigurationList = 2048AF2D1FE9136100048711 /* Build configuration list for PBXNativeTarget "ATStaticTableView_demoUITests" */;
			buildPhases = (
				2048AF1A1FE9136100048711 /* Sources */,
				2048AF1B1FE9136100048711 /* Frameworks */,
				2048AF1C1FE9136100048711 /* Resources */,
			);
			buildRules = (
			);
			dependencies = (
				2048AF201FE9136100048711 /* PBXTargetDependency */,
			);
			name = ATStaticTableView_demoUITests;
			productName = ATStaticTableView_demoUITests;
			productReference = 2048AF1E1FE9136100048711 /* ATStaticTableView_demoUITests.xctest */;
			productType = "com.apple.product-type.bundle.ui-testing";
		};
/* End PBXNativeTarget section */

/* Begin PBXProject section */
		2048AEF31FE9136000048711 /* Project object */ = {
			isa = PBXProject;
			attributes = {
				LastUpgradeCheck = 0920;
				ORGANIZATIONNAME = AdminTest;
				TargetAttributes = {
					2048AEFA1FE9136000048711 = {
						CreatedOnToolsVersion = 9.2;
						ProvisioningStyle = Automatic;
					};
					2048AF121FE9136100048711 = {
						CreatedOnToolsVersion = 9.2;
						ProvisioningStyle = Automatic;
						TestTargetID = 2048AEFA1FE9136000048711;
					};
					2048AF1D1FE9136100048711 = {
						CreatedOnToolsVersion = 9.2;
						ProvisioningStyle = Automatic;
						TestTargetID = 2048AEFA1FE9136000048711;
					};
				};
			};
			buildConfigurationList = 2048AEF61FE9136000048711 /* Build configuration list for PBXProject "ATStaticTableView_demo" */;
			compatibilityVersion = "Xcode 8.0";
			developmentRegion = en;
			hasScannedForEncodings = 0;
			knownRegions = (
				en,
				Base,
			);
			mainGroup = 2048AEF21FE9136000048711;
			productRefGroup = 2048AEFC1FE9136000048711 /* Products */;
			projectDirPath = "";
			projectRoot = "";
			targets = (
				2048AEFA1FE9136000048711 /* ATStaticTableView_demo */,
				2048AF121FE9136100048711 /* ATStaticTableView_demoTests */,
				2048AF1D1FE9136100048711 /* ATStaticTableView_demoUITests */,
			);
		};
/* End PBXProject section */

/* Begin PBXResourcesBuildPhase section */
		2048AEF91FE9136000048711 /* Resources */ = {
			isa = PBXResourcesBuildPhase;
			buildActionMask = 2147483647;
			files = (
				2048AF0B1FE9136000048711 /* LaunchScreen.storyboard in Resources */,
				2048AF081FE9136000048711 /* Assets.xcassets in Resources */,
				2048AF061FE9136000048711 /* Main.storyboard in Resources */,
				20F8A9B91FEA40E800620DF2 /* TableViewController.xib in Resources */,
			);
			runOnlyForDeploymentPostprocessing = 0;
		};
		2048AF111FE9136100048711 /* Resources */ = {
			isa = PBXResourcesBuildPhase;
			buildActionMask = 2147483647;
			files = (
			);
			runOnlyForDeploymentPostprocessing = 0;
		};
		2048AF1C1FE9136100048711 /* Resources */ = {
			isa = PBXResourcesBuildPhase;
			buildActionMask = 2147483647;
			files = (
			);
			runOnlyForDeploymentPostprocessing = 0;
		};
/* End PBXResourcesBuildPhase section */

/* Begin PBXSourcesBuildPhase section */
		2048AEF71FE9136000048711 /* Sources */ = {
			isa = PBXSourcesBuildPhase;
			buildActionMask = 2147483647;
			files = (
				2048AF511FE913B900048711 /* ATStaticTableViewCellData.m in Sources */,
				2048AF031FE9136000048711 /* ViewController.m in Sources */,
				2048AF541FE913B900048711 /* ATStaticTableViewCell+TextField.m in Sources */,
				20F8A9B81FEA40E800620DF2 /* TableViewController.m in Sources */,
				2048AF531FE913B900048711 /* ATStaticTableViewCell+Switch.m in Sources */,
				2048AF0E1FE9136000048711 /* main.m in Sources */,
				2048AF551FE913B900048711 /* ATStaticTableViewCellDataSource.m in Sources */,
				2048AF521FE913B900048711 /* ATStaticTableViewCell.m in Sources */,
				2048AF001FE9136000048711 /* AppDelegate.m in Sources */,
				2048AF561FE913B900048711 /* UITableView+ATStaticCell.m in Sources */,
			);
			runOnlyForDeploymentPostprocessing = 0;
		};
		2048AF0F1FE9136100048711 /* Sources */ = {
			isa = PBXSourcesBuildPhase;
			buildActionMask = 2147483647;
			files = (
				2048AF181FE9136100048711 /* ATStaticTableView_demoTests.m in Sources */,
			);
			runOnlyForDeploymentPostprocessing = 0;
		};
		2048AF1A1FE9136100048711 /* Sources */ = {
			isa = PBXSourcesBuildPhase;
			buildActionMask = 2147483647;
			files = (
				2048AF231FE9136100048711 /* ATStaticTableView_demoUITests.m in Sources */,
			);
			runOnlyForDeploymentPostprocessing = 0;
		};
/* End PBXSourcesBuildPhase section */

/* Begin PBXTargetDependency section */
		2048AF151FE9136100048711 /* PBXTargetDependency */ = {
			isa = PBXTargetDependency;
			target = 2048AEFA1FE9136000048711 /* ATStaticTableView_demo */;
			targetProxy = 2048AF141FE9136100048711 /* PBXContainerItemProxy */;
		};
		2048AF201FE9136100048711 /* PBXTargetDependency */ = {
			isa = PBXTargetDependency;
			target = 2048AEFA1FE9136000048711 /* ATStaticTableView_demo */;
			targetProxy = 2048AF1F1FE9136100048711 /* PBXContainerItemProxy */;
		};
/* End PBXTargetDependency section */

/* Begin PBXVariantGroup section */
		2048AF041FE9136000048711 /* Main.storyboard */ = {
			isa = PBXVariantGroup;
			children = (
				2048AF051FE9136000048711 /* Base */,
			);
			name = Main.storyboard;
			sourceTree = "<group>";
		};
		2048AF091FE9136000048711 /* LaunchScreen.storyboard */ = {
			isa = PBXVariantGroup;
			children = (
				2048AF0A1FE9136000048711 /* Base */,
			);
			name = LaunchScreen.storyboard;
			sourceTree = "<group>";
		};
/* End PBXVariantGroup section */

/* Begin XCBuildConfiguration section */
		2048AF251FE9136100048711 /* Debug */ = {
			isa = XCBuildConfiguration;
			buildSettings = {
				ALWAYS_SEARCH_USER_PATHS = NO;
				CLANG_ANALYZER_NONNULL = YES;
				CLANG_ANALYZER_NUMBER_OBJECT_CONVERSION = YES_AGGRESSIVE;
				CLANG_CXX_LANGUAGE_STANDARD = "gnu++14";
				CLANG_CXX_LIBRARY = "libc++";
				CLANG_ENABLE_MODULES = YES;
				CLANG_ENABLE_OBJC_ARC = YES;
				CLANG_WARN_BLOCK_CAPTURE_AUTORELEASING = YES;
				CLANG_WARN_BOOL_CONVERSION = YES;
				CLANG_WARN_COMMA = YES;
				CLANG_WARN_CONSTANT_CONVERSION = YES;
				CLANG_WARN_DIRECT_OBJC_ISA_USAGE = YES_ERROR;
				CLANG_WARN_DOCUMENTATION_COMMENTS = YES;
				CLANG_WARN_EMPTY_BODY = YES;
				CLANG_WARN_ENUM_CONVERSION = YES;
				CLANG_WARN_INFINITE_RECURSION = YES;
				CLANG_WARN_INT_CONVERSION = YES;
				CLANG_WARN_NON_LITERAL_NULL_CONVERSION = YES;
				CLANG_WARN_OBJC_LITERAL_CONVERSION = YES;
				CLANG_WARN_OBJC_ROOT_CLASS = YES_ERROR;
				CLANG_WARN_RANGE_LOOP_ANALYSIS = YES;
				CLANG_WARN_STRICT_PROTOTYPES = YES;
				CLANG_WARN_SUSPICIOUS_MOVE = YES;
				CLANG_WARN_UNGUARDED_AVAILABILITY = YES_AGGRESSIVE;
				CLANG_WARN_UNREACHABLE_CODE = YES;
				CLANG_WARN__DUPLICATE_METHOD_MATCH = YES;
				CODE_SIGN_IDENTITY = "iPhone Developer";
				COPY_PHASE_STRIP = NO;
				DEBUG_INFORMATION_FORMAT = dwarf;
				ENABLE_STRICT_OBJC_MSGSEND = YES;
				ENABLE_TESTABILITY = YES;
				GCC_C_LANGUAGE_STANDARD = gnu11;
				GCC_DYNAMIC_NO_PIC = NO;
				GCC_NO_COMMON_BLOCKS = YES;
				GCC_OPTIMIZATION_LEVEL = 0;
				GCC_PREPROCESSOR_DEFINITIONS = (
					"DEBUG=1",
					"$(inherited)",
				);
				GCC_WARN_64_TO_32_BIT_CONVERSION = YES;
				GCC_WARN_ABOUT_RETURN_TYPE = YES_ERROR;
				GCC_WARN_UNDECLARED_SELECTOR = YES;
				GCC_WARN_UNINITIALIZED_AUTOS = YES_AGGRESSIVE;
				GCC_WARN_UNUSED_FUNCTION = YES;
				GCC_WARN_UNUSED_VARIABLE = YES;
				IPHONEOS_DEPLOYMENT_TARGET = 11.2;
				MTL_ENABLE_DEBUG_INFO = YES;
				ONLY_ACTIVE_ARCH = YES;
				SDKROOT = iphoneos;
			};
			name = Debug;
		};
		2048AF261FE9136100048711 /* Release */ = {
			isa = XCBuildConfiguration;
			buildSettings = {
				ALWAYS_SEARCH_USER_PATHS = NO;
				CLANG_ANALYZER_NONNULL = YES;
				CLANG_ANALYZER_NUMBER_OBJECT_CONVERSION = YES_AGGRESSIVE;
				CLANG_CXX_LANGUAGE_STANDARD = "gnu++14";
				CLANG_CXX_LIBRARY = "libc++";
				CLANG_ENABLE_MODULES = YES;
				CLANG_ENABLE_OBJC_ARC = YES;
				CLANG_WARN_BLOCK_CAPTURE_AUTORELEASING = YES;
				CLANG_WARN_BOOL_CONVERSION = YES;
				CLANG_WARN_COMMA = YES;
				CLANG_WARN_CONSTANT_CONVERSION = YES;
				CLANG_WARN_DIRECT_OBJC_ISA_USAGE = YES_ERROR;
				CLANG_WARN_DOCUMENTATION_COMMENTS = YES;
				CLANG_WARN_EMPTY_BODY = YES;
				CLANG_WARN_ENUM_CONVERSION = YES;
				CLANG_WARN_INFINITE_RECURSION = YES;
				CLANG_WARN_INT_CONVERSION = YES;
				CLANG_WARN_NON_LITERAL_NULL_CONVERSION = YES;
				CLANG_WARN_OBJC_LITERAL_CONVERSION = YES;
				CLANG_WARN_OBJC_ROOT_CLASS = YES_ERROR;
				CLANG_WARN_RANGE_LOOP_ANALYSIS = YES;
				CLANG_WARN_STRICT_PROTOTYPES = YES;
				CLANG_WARN_SUSPICIOUS_MOVE = YES;
				CLANG_WARN_UNGUARDED_AVAILABILITY = YES_AGGRESSIVE;
				CLANG_WARN_UNREACHABLE_CODE = YES;
				CLANG_WARN__DUPLICATE_METHOD_MATCH = YES;
				CODE_SIGN_IDENTITY = "iPhone Developer";
				COPY_PHASE_STRIP = NO;
				DEBUG_INFORMATION_FORMAT = "dwarf-with-dsym";
				ENABLE_NS_ASSERTIONS = NO;
				ENABLE_STRICT_OBJC_MSGSEND = YES;
				GCC_C_LANGUAGE_STANDARD = gnu11;
				GCC_NO_COMMON_BLOCKS = YES;
				GCC_WARN_64_TO_32_BIT_CONVERSION = YES;
				GCC_WARN_ABOUT_RETURN_TYPE = YES_ERROR;
				GCC_WARN_UNDECLARED_SELECTOR = YES;
				GCC_WARN_UNINITIALIZED_AUTOS = YES_AGGRESSIVE;
				GCC_WARN_UNUSED_FUNCTION = YES;
				GCC_WARN_UNUSED_VARIABLE = YES;
				IPHONEOS_DEPLOYMENT_TARGET = 11.2;
				MTL_ENABLE_DEBUG_INFO = NO;
				SDKROOT = iphoneos;
				VALIDATE_PRODUCT = YES;
			};
			name = Release;
		};
		2048AF281FE9136100048711 /* Debug */ = {
			isa = XCBuildConfiguration;
			buildSettings = {
				ASSETCATALOG_COMPILER_APPICON_NAME = AppIcon;
				CODE_SIGN_STYLE = Automatic;
				DEVELOPMENT_TEAM = YEGNLVJB2J;
				INFOPLIST_FILE = ATStaticTableView_demo/Info.plist;
				LD_RUNPATH_SEARCH_PATHS = "$(inherited) @executable_path/Frameworks";
				PRODUCT_BUNDLE_IDENTIFIER = "com.AT-StaticTableView.ATStaticTableView-demo";
				PRODUCT_NAME = "$(TARGET_NAME)";
				TARGETED_DEVICE_FAMILY = "1,2";
			};
			name = Debug;
		};
		2048AF291FE9136100048711 /* Release */ = {
			isa = XCBuildConfiguration;
			buildSettings = {
				ASSETCATALOG_COMPILER_APPICON_NAME = AppIcon;
				CODE_SIGN_STYLE = Automatic;
				DEVELOPMENT_TEAM = YEGNLVJB2J;
				INFOPLIST_FILE = ATStaticTableView_demo/Info.plist;
				LD_RUNPATH_SEARCH_PATHS = "$(inherited) @executable_path/Frameworks";
				PRODUCT_BUNDLE_IDENTIFIER = "com.AT-StaticTableView.ATStaticTableView-demo";
				PRODUCT_NAME = "$(TARGET_NAME)";
				TARGETED_DEVICE_FAMILY = "1,2";
			};
			name = Release;
		};
		2048AF2B1FE9136100048711 /* Debug */ = {
			isa = XCBuildConfiguration;
			buildSettings = {
				BUNDLE_LOADER = "$(TEST_HOST)";
				CODE_SIGN_STYLE = Automatic;
				DEVELOPMENT_TEAM = YEGNLVJB2J;
				INFOPLIST_FILE = ATStaticTableView_demoTests/Info.plist;
				LD_RUNPATH_SEARCH_PATHS = "$(inherited) @executable_path/Frameworks @loader_path/Frameworks";
				PRODUCT_BUNDLE_IDENTIFIER = "com.AT-StaticTableView.ATStaticTableView-demoTests";
				PRODUCT_NAME = "$(TARGET_NAME)";
				TARGETED_DEVICE_FAMILY = "1,2";
				TEST_HOST = "$(BUILT_PRODUCTS_DIR)/ATStaticTableView_demo.app/ATStaticTableView_demo";
			};
			name = Debug;
		};
		2048AF2C1FE9136100048711 /* Release */ = {
			isa = XCBuildConfiguration;
			buildSettings = {
				BUNDLE_LOADER = "$(TEST_HOST)";
				CODE_SIGN_STYLE = Automatic;
				DEVELOPMENT_TEAM = YEGNLVJB2J;
				INFOPLIST_FILE = ATStaticTableView_demoTests/Info.plist;
				LD_RUNPATH_SEARCH_PATHS = "$(inherited) @executable_path/Frameworks @loader_path/Frameworks";
				PRODUCT_BUNDLE_IDENTIFIER = "com.AT-StaticTableView.ATStaticTableView-demoTests";
				PRODUCT_NAME = "$(TARGET_NAME)";
				TARGETED_DEVICE_FAMILY = "1,2";
				TEST_HOST = "$(BUILT_PRODUCTS_DIR)/ATStaticTableView_demo.app/ATStaticTableView_demo";
			};
			name = Release;
		};
		2048AF2E1FE9136100048711 /* Debug */ = {
			isa = XCBuildConfiguration;
			buildSettings = {
				CODE_SIGN_STYLE = Automatic;
				DEVELOPMENT_TEAM = YEGNLVJB2J;
				INFOPLIST_FILE = ATStaticTableView_demoUITests/Info.plist;
				LD_RUNPATH_SEARCH_PATHS = "$(inherited) @executable_path/Frameworks @loader_path/Frameworks";
				PRODUCT_BUNDLE_IDENTIFIER = "com.AT-StaticTableView.ATStaticTableView-demoUITests";
				PRODUCT_NAME = "$(TARGET_NAME)";
				TARGETED_DEVICE_FAMILY = "1,2";
				TEST_TARGET_NAME = ATStaticTableView_demo;
			};
			name = Debug;
		};
		2048AF2F1FE9136100048711 /* Release */ = {
			isa = XCBuildConfiguration;
			buildSettings = {
				CODE_SIGN_STYLE = Automatic;
				DEVELOPMENT_TEAM = YEGNLVJB2J;
				INFOPLIST_FILE = ATStaticTableView_demoUITests/Info.plist;
				LD_RUNPATH_SEARCH_PATHS = "$(inherited) @executable_path/Frameworks @loader_path/Frameworks";
				PRODUCT_BUNDLE_IDENTIFIER = "com.AT-StaticTableView.ATStaticTableView-demoUITests";
				PRODUCT_NAME = "$(TARGET_NAME)";
				TARGETED_DEVICE_FAMILY = "1,2";
				TEST_TARGET_NAME = ATStaticTableView_demo;
			};
			name = Release;
		};
/* End XCBuildConfiguration section */

/* Begin XCConfigurationList section */
		2048AEF61FE9136000048711 /* Build configuration list for PBXProject "ATStaticTableView_demo" */ = {
			isa = XCConfigurationList;
			buildConfigurations = (
				2048AF251FE9136100048711 /* Debug */,
				2048AF261FE9136100048711 /* Release */,
			);
			defaultConfigurationIsVisible = 0;
			defaultConfigurationName = Release;
		};
		2048AF271FE9136100048711 /* Build configuration list for PBXNativeTarget "ATStaticTableView_demo" */ = {
			isa = XCConfigurationList;
			buildConfigurations = (
				2048AF281FE9136100048711 /* Debug */,
				2048AF291FE9136100048711 /* Release */,
			);
			defaultConfigurationIsVisible = 0;
			defaultConfigurationName = Release;
		};
		2048AF2A1FE9136100048711 /* Build configuration list for PBXNativeTarget "ATStaticTableView_demoTests" */ = {
			isa = XCConfigurationList;
			buildConfigurations = (
				2048AF2B1FE9136100048711 /* Debug */,
				2048AF2C1FE9136100048711 /* Release */,
			);
			defaultConfigurationIsVisible = 0;
			defaultConfigurationName = Release;
		};
		2048AF2D1FE9136100048711 /* Build configuration list for PBXNativeTarget "ATStaticTableView_demoUITests" */ = {
			isa = XCConfigurationList;
			buildConfigurations = (
				2048AF2E1FE9136100048711 /* Debug */,
				2048AF2F1FE9136100048711 /* Release */,
			);
			defaultConfigurationIsVisible = 0;
			defaultConfigurationName = Release;
		};
/* End XCConfigurationList section */
	};
	rootObject = 2048AEF31FE9136000048711 /* Project object */;
}
